// !$*UTF8*$!
{
	archiveVersion = 1;
	classes = {
	};
	objectVersion = 77;
	objects = {

/* Begin PBXBuildFile section */
		01F77A1B1F071BE48193AF5A /* UsageHistoryFetcher.swift in Sources */ = {isa = PBXBuildFile; fileRef = 8F719CE050DFA461FB66FEC8 /* UsageHistoryFetcher.swift */; };
		241926188A6E505F83C4EE7B /* DeepSeekRemainingChart.swift in Sources */ = {isa = PBXBuildFile; fileRef = BD25B4F10876E303DB626E74 /* DeepSeekRemainingChart.swift */; };
		4F7BE9F4689252E46690542A /* ChartWindow.swift in Sources */ = {isa = PBXBuildFile; fileRef = D49D22C70D4C9FA58866CDF4 /* ChartWindow.swift */; };
		54803B2FD95DE4636061679D /* QuotaMonthlyReporter.swift in Sources */ = {isa = PBXBuildFile; fileRef = 1D0425B2060EF56D0B385252 /* QuotaMonthlyReporter.swift */; };
		56E338E3EEB1E303883F6A7E /* UsageHistoryChart.swift in Sources */ = {isa = PBXBuildFile; fileRef = 6E00851A8A0E864B3CA65306 /* UsageHistoryChart.swift */; };
		6DCAA42AF8C20B9FF53AC509 /* Resources in Resources */ = {isa = PBXBuildFile; fileRef = 51F49427C2E704920BB39BC6 /* Resources */; };
		75040126C34521ADF64424E2 /* Models.swift in Sources */ = {isa = PBXBuildFile; fileRef = 5D411F9C4A2DCADC9505ECCB /* Models.swift */; };
		7B4D1F46BEC7BD1429639AFB /* OpenAIUsageCollector.swift in Sources */ = {isa = PBXBuildFile; fileRef = D0F26C5214DD65B6A022CB5E /* OpenAIUsageCollector.swift */; };
		80E136D28F9E4EA3EFBD33ED /* AuthReader.swift in Sources */ = {isa = PBXBuildFile; fileRef = 6F74B560C20096D25F2577DB /* AuthReader.swift */; };
		84351CF63C07C3F339734BE3 /* OpencodeWidgetApp.swift in Sources */ = {isa = PBXBuildFile; fileRef = D8D98E2BDD07CB050712D068 /* OpencodeWidgetApp.swift */; };
		8EFBBB6AB74D674F77C06142 /* QuotaResetBar.swift in Sources */ = {isa = PBXBuildFile; fileRef = 19E8F206D00F9FF5F8046316 /* QuotaResetBar.swift */; };
		976BEED16D16E7D9A728DFD8 /* QuotaSnapshotRow.swift in Sources */ = {isa = PBXBuildFile; fileRef = D650BB94EC0BBFC2C7DB3D2A /* QuotaSnapshotRow.swift */; };
		A495C0C20607B07B0DDCF31E /* QuotaLedgerService.swift in Sources */ = {isa = PBXBuildFile; fileRef = 0D7C764A8EA855A5C02F27E8 /* QuotaLedgerService.swift */; };
		B8D49EE8A1706B2E80260EA3 /* OpenAIQuotaFetcher.swift in Sources */ = {isa = PBXBuildFile; fileRef = FC128F7F9E1CBA252DDF54E4 /* OpenAIQuotaFetcher.swift */; };
		D3C4003C82352CDD5F4E476D /* DataStore.swift in Sources */ = {isa = PBXBuildFile; fileRef = 0912346CB928974051E1022E /* DataStore.swift */; };
		EFDA1C3B50622DE2F12DE4BD /* AppIcon.icns in Resources */ = {isa = PBXBuildFile; fileRef = 12DC161720455DF4EC7AA3EF /* AppIcon.icns */; };
		F107D2E927D2FD958357A57B /* DataFetcher.swift in Sources */ = {isa = PBXBuildFile; fileRef = 711320B0D3258720311ED9F3 /* DataFetcher.swift */; };
		FE3F6BC76E910466ECFE4FFA /* QuotaLedger.swift in Sources */ = {isa = PBXBuildFile; fileRef = FD4DC223767B496CBC536074 /* QuotaLedger.swift */; };
/* End PBXBuildFile section */

/* Begin PBXFileReference section */
		0912346CB928974051E1022E /* DataStore.swift */ = {isa = PBXFileReference; lastKnownFileType = sourcecode.swift; path = DataStore.swift; sourceTree = "<group>"; };
		0D7C764A8EA855A5C02F27E8 /* QuotaLedgerService.swift */ = {isa = PBXFileReference; lastKnownFileType = sourcecode.swift; path = QuotaLedgerService.swift; sourceTree = "<group>"; };
		12DC161720455DF4EC7AA3EF /* AppIcon.icns */ = {isa = PBXFileReference; lastKnownFileType = image.icns; path = AppIcon.icns; sourceTree = "<group>"; };
		19E8F206D00F9FF5F8046316 /* QuotaResetBar.swift */ = {isa = PBXFileReference; lastKnownFileType = sourcecode.swift; path = QuotaResetBar.swift; sourceTree = "<group>"; };
		1D0425B2060EF56D0B385252 /* QuotaMonthlyReporter.swift */ = {isa = PBXFileReference; lastKnownFileType = sourcecode.swift; path = QuotaMonthlyReporter.swift; sourceTree = "<group>"; };
		51F49427C2E704920BB39BC6 /* Resources */ = {isa = PBXFileReference; lastKnownFileType = folder; name = Resources; path = OpencodeWidgetApp/Resources; sourceTree = SOURCE_ROOT; };
		5D411F9C4A2DCADC9505ECCB /* Models.swift */ = {isa = PBXFileReference; lastKnownFileType = sourcecode.swift; path = Models.swift; sourceTree = "<group>"; };
		6E00851A8A0E864B3CA65306 /* UsageHistoryChart.swift */ = {isa = PBXFileReference; lastKnownFileType = sourcecode.swift; path = UsageHistoryChart.swift; sourceTree = "<group>"; };
		6F74B560C20096D25F2577DB /* AuthReader.swift */ = {isa = PBXFileReference; lastKnownFileType = sourcecode.swift; path = AuthReader.swift; sourceTree = "<group>"; };
		711320B0D3258720311ED9F3 /* DataFetcher.swift */ = {isa = PBXFileReference; lastKnownFileType = sourcecode.swift; path = DataFetcher.swift; sourceTree = "<group>"; };
		8F719CE050DFA461FB66FEC8 /* UsageHistoryFetcher.swift */ = {isa = PBXFileReference; lastKnownFileType = sourcecode.swift; path = UsageHistoryFetcher.swift; sourceTree = "<group>"; };
		BD25B4F10876E303DB626E74 /* DeepSeekRemainingChart.swift */ = {isa = PBXFileReference; lastKnownFileType = sourcecode.swift; path = DeepSeekRemainingChart.swift; sourceTree = "<group>"; };
		D0F26C5214DD65B6A022CB5E /* OpenAIUsageCollector.swift */ = {isa = PBXFileReference; lastKnownFileType = sourcecode.swift; path = OpenAIUsageCollector.swift; sourceTree = "<group>"; };
		D49D22C70D4C9FA58866CDF4 /* ChartWindow.swift */ = {isa = PBXFileReference; lastKnownFileType = sourcecode.swift; path = ChartWindow.swift; sourceTree = "<group>"; };
		D650BB94EC0BBFC2C7DB3D2A /* QuotaSnapshotRow.swift */ = {isa = PBXFileReference; lastKnownFileType = sourcecode.swift; path = QuotaSnapshotRow.swift; sourceTree = "<group>"; };
		D8D98E2BDD07CB050712D068 /* OpencodeWidgetApp.swift */ = {isa = PBXFileReference; lastKnownFileType = sourcecode.swift; path = OpencodeWidgetApp.swift; sourceTree = "<group>"; };
		FB7182CD74F3EC0F509DD489 /* OpencodeWidgetApp.app */ = {isa = PBXFileReference; explicitFileType = wrapper.application; includeInIndex = 0; path = OpencodeWidgetApp.app; sourceTree = BUILT_PRODUCTS_DIR; };
		FC128F7F9E1CBA252DDF54E4 /* OpenAIQuotaFetcher.swift */ = {isa = PBXFileReference; lastKnownFileType = sourcecode.swift; path = OpenAIQuotaFetcher.swift; sourceTree = "<group>"; };
		FD4DC223767B496CBC536074 /* QuotaLedger.swift */ = {isa = PBXFileReference; lastKnownFileType = sourcecode.swift; path = QuotaLedger.swift; sourceTree = "<group>"; };
		FEE4CDF13934B58E22E66B9B /* .gitkeep */ = {isa = PBXFileReference; path = .gitkeep; sourceTree = "<group>"; };
/* End PBXFileReference section */

/* Begin PBXGroup section */
		842ADB143402320F43C0FD57 /* OpencodeWidgetApp */ = {
			isa = PBXGroup;
			children = (
				D49D22C70D4C9FA58866CDF4 /* ChartWindow.swift */,
				711320B0D3258720311ED9F3 /* DataFetcher.swift */,
				BD25B4F10876E303DB626E74 /* DeepSeekRemainingChart.swift */,
				FC128F7F9E1CBA252DDF54E4 /* OpenAIQuotaFetcher.swift */,
				D0F26C5214DD65B6A022CB5E /* OpenAIUsageCollector.swift */,
				D8D98E2BDD07CB050712D068 /* OpencodeWidgetApp.swift */,
				0D7C764A8EA855A5C02F27E8 /* QuotaLedgerService.swift */,
				19E8F206D00F9FF5F8046316 /* QuotaResetBar.swift */,
				6E00851A8A0E864B3CA65306 /* UsageHistoryChart.swift */,
				8F719CE050DFA461FB66FEC8 /* UsageHistoryFetcher.swift */,
				EA10C51ECD21F5443096DAF2 /* Resources */,
			);
			name = OpencodeWidgetApp;
			path = Sources/OpencodeWidgetApp;
			sourceTree = "<group>";
		};
		85202E8ED7DA986209061A28 /* OpencodeWidgetApp */ = {
			isa = PBXGroup;
			children = (
				12DC161720455DF4EC7AA3EF /* AppIcon.icns */,
			);
			path = OpencodeWidgetApp;
			sourceTree = "<group>";
		};
		94214F5C787134FD6EDF7651 /* OpencodeWidgetShared */ = {
			isa = PBXGroup;
			children = (
				6F74B560C20096D25F2577DB /* AuthReader.swift */,
				0912346CB928974051E1022E /* DataStore.swift */,
				5D411F9C4A2DCADC9505ECCB /* Models.swift */,
			);
			name = OpencodeWidgetShared;
			path = Sources/OpencodeWidgetShared;
			sourceTree = "<group>";
		};
		965114151E9EF2E3C12B5E3E /* OpencodeWidgetLedger */ = {
			isa = PBXGroup;
			children = (
				FD4DC223767B496CBC536074 /* QuotaLedger.swift */,
				1D0425B2060EF56D0B385252 /* QuotaMonthlyReporter.swift */,
				D650BB94EC0BBFC2C7DB3D2A /* QuotaSnapshotRow.swift */,
			);
			name = OpencodeWidgetLedger;
			path = Sources/OpencodeWidgetLedger;
			sourceTree = "<group>";
		};
		AEAD614E025555F72F11AD41 = {
			isa = PBXGroup;
			children = (
				51F49427C2E704920BB39BC6 /* Resources */,
				85202E8ED7DA986209061A28 /* OpencodeWidgetApp */,
				842ADB143402320F43C0FD57 /* OpencodeWidgetApp */,
				965114151E9EF2E3C12B5E3E /* OpencodeWidgetLedger */,
				94214F5C787134FD6EDF7651 /* OpencodeWidgetShared */,
				B9A3CDADEF5E9ADCC2470356 /* Products */,
			);
			sourceTree = "<group>";
		};
		B9A3CDADEF5E9ADCC2470356 /* Products */ = {
			isa = PBXGroup;
			children = (
				FB7182CD74F3EC0F509DD489 /* OpencodeWidgetApp.app */,
			);
			name = Products;
			sourceTree = "<group>";
		};
		EA10C51ECD21F5443096DAF2 /* Resources */ = {
			isa = PBXGroup;
			children = (
				FEE4CDF13934B58E22E66B9B /* .gitkeep */,
			);
			path = Resources;
			sourceTree = "<group>";
		};
/* End PBXGroup section */

/* Begin PBXNativeTarget section */
		3ED026BC7D22A303D1AD88DF /* OpencodeWidgetApp */ = {
			isa = PBXNativeTarget;
			buildConfigurationList = 67D7327A68A1CFC96EAAEC55 /* Build configuration list for PBXNativeTarget "OpencodeWidgetApp" */;
			buildPhases = (
				048DD8011485DF3775E3C58E /* Sources */,
				8E2C8850F218C134FE12A949 /* Resources */,
			);
			buildRules = (
			);
			dependencies = (
			);
			name = OpencodeWidgetApp;
			packageProductDependencies = (
			);
			productName = OpencodeWidgetApp;
			productReference = FB7182CD74F3EC0F509DD489 /* OpencodeWidgetApp.app */;
			productType = "com.apple.product-type.application";
		};
/* End PBXNativeTarget section */

/* Begin PBXProject section */
		BD42A02E119F9AAA4817ACDE /* Project object */ = {
			isa = PBXProject;
			attributes = {
				BuildIndependentTargetsInParallel = YES;
				LastUpgradeCheck = 1430;
				TargetAttributes = {
					3ED026BC7D22A303D1AD88DF = {
						ProvisioningStyle = Automatic;
					};
				};
			};
			buildConfigurationList = 0759D83D99A104E5E35B57C9 /* Build configuration list for PBXProject "OpencodeWidgetApp" */;
			developmentRegion = en;
			hasScannedForEncodings = 0;
			knownRegions = (
				Base,
				en,
			);
			mainGroup = AEAD614E025555F72F11AD41;
			minimizedProjectReferenceProxies = 1;
			preferredProjectObjectVersion = 77;
			productRefGroup = B9A3CDADEF5E9ADCC2470356 /* Products */;
			projectDirPath = "";
			projectRoot = "";
			targets = (
				3ED026BC7D22A303D1AD88DF /* OpencodeWidgetApp */,
			);
		};
/* End PBXProject section */

/* Begin PBXResourcesBuildPhase section */
		8E2C8850F218C134FE12A949 /* Resources */ = {
			isa = PBXResourcesBuildPhase;
			buildActionMask = 2147483647;
			files = (
				EFDA1C3B50622DE2F12DE4BD /* AppIcon.icns in Resources */,
				6DCAA42AF8C20B9FF53AC509 /* Resources in Resources */,
			);
			runOnlyForDeploymentPostprocessing = 0;
		};
/* End PBXResourcesBuildPhase section */

/* Begin PBXSourcesBuildPhase section */
		048DD8011485DF3775E3C58E /* Sources */ = {
			isa = PBXSourcesBuildPhase;
			buildActionMask = 2147483647;
			files = (
				80E136D28F9E4EA3EFBD33ED /* AuthReader.swift in Sources */,
				4F7BE9F4689252E46690542A /* ChartWindow.swift in Sources */,
				F107D2E927D2FD958357A57B /* DataFetcher.swift in Sources */,
				D3C4003C82352CDD5F4E476D /* DataStore.swift in Sources */,
				241926188A6E505F83C4EE7B /* DeepSeekRemainingChart.swift in Sources */,
				75040126C34521ADF64424E2 /* Models.swift in Sources */,
				B8D49EE8A1706B2E80260EA3 /* OpenAIQuotaFetcher.swift in Sources */,
				7B4D1F46BEC7BD1429639AFB /* OpenAIUsageCollector.swift in Sources */,
				84351CF63C07C3F339734BE3 /* OpencodeWidgetApp.swift in Sources */,
				FE3F6BC76E910466ECFE4FFA /* QuotaLedger.swift in Sources */,
				A495C0C20607B07B0DDCF31E /* QuotaLedgerService.swift in Sources */,
				54803B2FD95DE4636061679D /* QuotaMonthlyReporter.swift in Sources */,
				8EFBBB6AB74D674F77C06142 /* QuotaResetBar.swift in Sources */,
				976BEED16D16E7D9A728DFD8 /* QuotaSnapshotRow.swift in Sources */,
				56E338E3EEB1E303883F6A7E /* UsageHistoryChart.swift in Sources */,
				01F77A1B1F071BE48193AF5A /* UsageHistoryFetcher.swift in Sources */,
			);
			runOnlyForDeploymentPostprocessing = 0;
		};
/* End PBXSourcesBuildPhase section */

/* Begin XCBuildConfiguration section */
		2F1ADEFC52619954E58895E2 /* Debug */ = {
			isa = XCBuildConfiguration;
			buildSettings = {
				ALWAYS_SEARCH_USER_PATHS = NO;
				CLANG_ANALYZER_NONNULL = YES;
				CLANG_ANALYZER_NUMBER_OBJECT_CONVERSION = YES_AGGRESSIVE;
				CLANG_CXX_LANGUAGE_STANDARD = "gnu++14";
				CLANG_CXX_LIBRARY = "libc++";
				CLANG_ENABLE_MODULES = YES;
				CLANG_ENABLE_OBJC_ARC = YES;
				CLANG_ENABLE_OBJC_WEAK = YES;
				CLANG_WARN_BLOCK_CAPTURE_AUTORELEASING = YES;
				CLANG_WARN_BOOL_CONVERSION = YES;
				CLANG_WARN_COMMA = YES;
				CLANG_WARN_CONSTANT_CONVERSION = YES;
				CLANG_WARN_DEPRECATED_OBJC_IMPLEMENTATIONS = YES;
				CLANG_WARN_DIRECT_OBJC_ISA_USAGE = YES_ERROR;
				CLANG_WARN_DOCUMENTATION_COMMENTS = YES;
				CLANG_WARN_EMPTY_BODY = YES;
				CLANG_WARN_ENUM_CONVERSION = YES;
				CLANG_WARN_INFINITE_RECURSION = YES;
				CLANG_WARN_INT_CONVERSION = YES;
				CLANG_WARN_NON_LITERAL_NULL_CONVERSION = YES;
				CLANG_WARN_OBJC_IMPLICIT_RETAIN_SELF = YES;
				CLANG_WARN_OBJC_LITERAL_CONVERSION = YES;
				CLANG_WARN_OBJC_ROOT_CLASS = YES_ERROR;
				CLANG_WARN_QUOTED_INCLUDE_IN_FRAMEWORK_HEADER = YES;
				CLANG_WARN_RANGE_LOOP_ANALYSIS = YES;
				CLANG_WARN_STRICT_PROTOTYPES = YES;
				CLANG_WARN_SUSPICIOUS_MOVE = YES;
				CLANG_WARN_UNGUARDED_AVAILABILITY = YES_AGGRESSIVE;
				CLANG_WARN_UNREACHABLE_CODE = YES;
				CLANG_WARN__DUPLICATE_METHOD_MATCH = YES;
				COPY_PHASE_STRIP = NO;
				DEBUG_INFORMATION_FORMAT = dwarf;
				ENABLE_STRICT_OBJC_MSGSEND = YES;
				ENABLE_TESTABILITY = YES;
				GCC_C_LANGUAGE_STANDARD = gnu11;
				GCC_DYNAMIC_NO_PIC = NO;
				GCC_NO_COMMON_BLOCKS = YES;
				GCC_OPTIMIZATION_LEVEL = 0;
				GCC_PREPROCESSOR_DEFINITIONS = (
					"$(inherited)",
					"DEBUG=1",
				);
				GCC_WARN_64_TO_32_BIT_CONVERSION = YES;
				GCC_WARN_ABOUT_RETURN_TYPE = YES_ERROR;
				GCC_WARN_UNDECLARED_SELECTOR = YES;
				GCC_WARN_UNINITIALIZED_AUTOS = YES_AGGRESSIVE;
				GCC_WARN_UNUSED_FUNCTION = YES;
				GCC_WARN_UNUSED_VARIABLE = YES;
				MACOSX_DEPLOYMENT_TARGET = 14.0;
				MTL_ENABLE_DEBUG_INFO = INCLUDE_SOURCE;
				MTL_FAST_MATH = YES;
				ONLY_ACTIVE_ARCH = YES;
				PRODUCT_NAME = "$(TARGET_NAME)";
				SDKROOT = macosx;
				SWIFT_ACTIVE_COMPILATION_CONDITIONS = DEBUG;
				SWIFT_OPTIMIZATION_LEVEL = "-Onone";
				SWIFT_VERSION = 5.0;
			};
			name = Debug;
		};
		7DBED51D839D90D53D91182B /* Release */ = {
			isa = XCBuildConfiguration;
			buildSettings = {
				ALWAYS_SEARCH_USER_PATHS = NO;
				CLANG_ANALYZER_NONNULL = YES;
				CLANG_ANALYZER_NUMBER_OBJECT_CONVERSION = YES_AGGRESSIVE;
				CLANG_CXX_LANGUAGE_STANDARD = "gnu++14";
				CLANG_CXX_LIBRARY = "libc++";
				CLANG_ENABLE_MODULES = YES;
				CLANG_ENABLE_OBJC_ARC = YES;
				CLANG_ENABLE_OBJC_WEAK = YES;
				CLANG_WARN_BLOCK_CAPTURE_AUTORELEASING = YES;
				CLANG_WARN_BOOL_CONVERSION = YES;
				CLANG_WARN_COMMA = YES;
				CLANG_WARN_CONSTANT_CONVERSION = YES;
				CLANG_WARN_DEPRECATED_OBJC_IMPLEMENTATIONS = YES;
				CLANG_WARN_DIRECT_OBJC_ISA_USAGE = YES_ERROR;
				CLANG_WARN_DOCUMENTATION_COMMENTS = YES;
				CLANG_WARN_EMPTY_BODY = YES;
				CLANG_WARN_ENUM_CONVERSION = YES;
				CLANG_WARN_INFINITE_RECURSION = YES;
				CLANG_WARN_INT_CONVERSION = YES;
				CLANG_WARN_NON_LITERAL_NULL_CONVERSION = YES;
				CLANG_WARN_OBJC_IMPLICIT_RETAIN_SELF = YES;
				CLANG_WARN_OBJC_LITERAL_CONVERSION = YES;
				CLANG_WARN_OBJC_ROOT_CLASS = YES_ERROR;
				CLANG_WARN_QUOTED_INCLUDE_IN_FRAMEWORK_HEADER = YES;
				CLANG_WARN_RANGE_LOOP_ANALYSIS = YES;
				CLANG_WARN_STRICT_PROTOTYPES = YES;
				CLANG_WARN_SUSPICIOUS_MOVE = YES;
				CLANG_WARN_UNGUARDED_AVAILABILITY = YES_AGGRESSIVE;
				CLANG_WARN_UNREACHABLE_CODE = YES;
				CLANG_WARN__DUPLICATE_METHOD_MATCH = YES;
				COPY_PHASE_STRIP = NO;
				DEBUG_INFORMATION_FORMAT = "dwarf-with-dsym";
				ENABLE_NS_ASSERTIONS = NO;
				ENABLE_STRICT_OBJC_MSGSEND = YES;
				GCC_C_LANGUAGE_STANDARD = gnu11;
				GCC_NO_COMMON_BLOCKS = YES;
				GCC_WARN_64_TO_32_BIT_CONVERSION = YES;
				GCC_WARN_ABOUT_RETURN_TYPE = YES_ERROR;
				GCC_WARN_UNDECLARED_SELECTOR = YES;
				GCC_WARN_UNINITIALIZED_AUTOS = YES_AGGRESSIVE;
				GCC_WARN_UNUSED_FUNCTION = YES;
				GCC_WARN_UNUSED_VARIABLE = YES;
				MACOSX_DEPLOYMENT_TARGET = 14.0;
				MTL_ENABLE_DEBUG_INFO = NO;
				MTL_FAST_MATH = YES;
				PRODUCT_NAME = "$(TARGET_NAME)";
				SDKROOT = macosx;
				SWIFT_COMPILATION_MODE = wholemodule;
				SWIFT_OPTIMIZATION_LEVEL = "-O";
				SWIFT_VERSION = 5.0;
			};
			name = Release;
		};
		C278C7EB628E918F7100CDE8 /* Release */ = {
			isa = XCBuildConfiguration;
			buildSettings = {
				ASSETCATALOG_COMPILER_APPICON_NAME = AppIcon;
				CODE_SIGN_ENTITLEMENTS = OpencodeWidgetApp/Entitlements.plist;
				CODE_SIGN_STYLE = Automatic;
				COMBINE_HIDPI_IMAGES = YES;
				INFOPLIST_FILE = OpencodeWidgetApp/Info.plist;
				LD_RUNPATH_SEARCH_PATHS = (
					"$(inherited)",
					"@executable_path/../Frameworks",
				);
				PRODUCT_BUNDLE_IDENTIFIER = com.opencode.widget.app;
				SDKROOT = macosx;
			};
			name = Release;
		};
		EC06A7F46E272833A9A8F582 /* Debug */ = {
			isa = XCBuildConfiguration;
			buildSettings = {
				ASSETCATALOG_COMPILER_APPICON_NAME = AppIcon;
				CODE_SIGN_ENTITLEMENTS = OpencodeWidgetApp/Entitlements.plist;
				CODE_SIGN_STYLE = Automatic;
				COMBINE_HIDPI_IMAGES = YES;
				INFOPLIST_FILE = OpencodeWidgetApp/Info.plist;
				LD_RUNPATH_SEARCH_PATHS = (
					"$(inherited)",
					"@executable_path/../Frameworks",
				);
				PRODUCT_BUNDLE_IDENTIFIER = com.opencode.widget.app;
				SDKROOT = macosx;
			};
			name = Debug;
		};
/* End XCBuildConfiguration section */

/* Begin XCConfigurationList section */
		0759D83D99A104E5E35B57C9 /* Build configuration list for PBXProject "OpencodeWidgetApp" */ = {
			isa = XCConfigurationList;
			buildConfigurations = (
				2F1ADEFC52619954E58895E2 /* Debug */,
				7DBED51D839D90D53D91182B /* Release */,
			);
			defaultConfigurationIsVisible = 0;
			defaultConfigurationName = Debug;
		};
		67D7327A68A1CFC96EAAEC55 /* Build configuration list for PBXNativeTarget "OpencodeWidgetApp" */ = {
			isa = XCConfigurationList;
			buildConfigurations = (
				EC06A7F46E272833A9A8F582 /* Debug */,
				C278C7EB628E918F7100CDE8 /* Release */,
			);
			defaultConfigurationIsVisible = 0;
			defaultConfigurationName = Debug;
		};
/* End XCConfigurationList section */
	};
	rootObject = BD42A02E119F9AAA4817ACDE /* Project object */;
}
