// !$*UTF8*$!
{
	archiveVersion = 1;
	classes = {
	};
	objectVersion = 77;
	objects = {

/* Begin PBXBuildFile section */
		6DCAA42AF8C20B9FF53AC509 /* Resources in Resources */ = {isa = PBXBuildFile; fileRef = 51F49427C2E704920BB39BC6 /* Resources */; };
		75040126C34521ADF64424E2 /* Models.swift in Sources */ = {isa = PBXBuildFile; fileRef = 5D411F9C4A2DCADC9505ECCB /* Models.swift */; };
		80E136D28F9E4EA3EFBD33ED /* AuthReader.swift in Sources */ = {isa = PBXBuildFile; fileRef = 6F74B560C20096D25F2577DB /* AuthReader.swift */; };
		84351CF63C07C3F339734BE3 /* OpencodeWidgetApp.swift in Sources */ = {isa = PBXBuildFile; fileRef = D8D98E2BDD07CB050712D068 /* OpencodeWidgetApp.swift */; };
		A2E6C5395DC0DD54250A35CC /* ContentView.swift in Sources */ = {isa = PBXBuildFile; fileRef = 6AB85FB30EC8BBBBE34DAD84 /* ContentView.swift */; };
		D085F11BBDF9428B6C1043E9 /* PreferencesView.swift in Sources */ = {isa = PBXBuildFile; fileRef = CD493ACFE526261CF243E60B /* PreferencesView.swift */; };
		D3C4003C82352CDD5F4E476D /* DataStore.swift in Sources */ = {isa = PBXBuildFile; fileRef = 0912346CB928974051E1022E /* DataStore.swift */; };
		F107D2E927D2FD958357A57B /* DataFetcher.swift in Sources */ = {isa = PBXBuildFile; fileRef = 711320B0D3258720311ED9F3 /* DataFetcher.swift */; };
/* End PBXBuildFile section */

/* Begin PBXFileReference section */
		0912346CB928974051E1022E /* DataStore.swift */ = {isa = PBXFileReference; lastKnownFileType = sourcecode.swift; path = DataStore.swift; sourceTree = "<group>"; };
		51F49427C2E704920BB39BC6 /* Resources */ = {isa = PBXFileReference; lastKnownFileType = folder; name = Resources; path = OpencodeWidgetApp/Resources; sourceTree = SOURCE_ROOT; };
		5D411F9C4A2DCADC9505ECCB /* Models.swift */ = {isa = PBXFileReference; lastKnownFileType = sourcecode.swift; path = Models.swift; sourceTree = "<group>"; };
		6AB85FB30EC8BBBBE34DAD84 /* ContentView.swift */ = {isa = PBXFileReference; lastKnownFileType = sourcecode.swift; path = ContentView.swift; sourceTree = "<group>"; };
		6F74B560C20096D25F2577DB /* AuthReader.swift */ = {isa = PBXFileReference; lastKnownFileType = sourcecode.swift; path = AuthReader.swift; sourceTree = "<group>"; };
		711320B0D3258720311ED9F3 /* DataFetcher.swift */ = {isa = PBXFileReference; lastKnownFileType = sourcecode.swift; path = DataFetcher.swift; sourceTree = "<group>"; };
		CD493ACFE526261CF243E60B /* PreferencesView.swift */ = {isa = PBXFileReference; lastKnownFileType = sourcecode.swift; path = PreferencesView.swift; sourceTree = "<group>"; };
		D8D98E2BDD07CB050712D068 /* OpencodeWidgetApp.swift */ = {isa = PBXFileReference; lastKnownFileType = sourcecode.swift; path = OpencodeWidgetApp.swift; sourceTree = "<group>"; };
		FB7182CD74F3EC0F509DD489 /* OpencodeWidgetApp.app */ = {isa = PBXFileReference; explicitFileType = wrapper.application; includeInIndex = 0; path = OpencodeWidgetApp.app; sourceTree = BUILT_PRODUCTS_DIR; };
		FEE4CDF13934B58E22E66B9B /* .gitkeep */ = {isa = PBXFileReference; path = .gitkeep; sourceTree = "<group>"; };
/* End PBXFileReference section */

/* Begin PBXGroup section */
		85202E8ED7DA986209061A28 /* OpencodeWidgetApp */ = {
			isa = PBXGroup;
			children = (
				6AB85FB30EC8BBBBE34DAD84 /* ContentView.swift */,
				711320B0D3258720311ED9F3 /* DataFetcher.swift */,
				D8D98E2BDD07CB050712D068 /* OpencodeWidgetApp.swift */,
				CD493ACFE526261CF243E60B /* PreferencesView.swift */,
				EA10C51ECD21F5443096DAF2 /* Resources */,
			);
			name = OpencodeWidgetApp;
			path = Sources/OpencodeWidgetApp;
			sourceTree = "<group>";
		};
		94214F5C787134FD6EDF7651 /* OpencodeWidgetShared */ = {
			isa = PBXGroup;
			children = (
				6F74B560C20096D25F2577DB /* AuthReader.swift */,
				0912346CB928974051E1022E /* DataStore.swift */,
				5D411F9C4A2DCADC9505ECCB /* Models.swift */,
			);
			name = OpencodeWidgetShared;
			path = Sources/OpencodeWidgetShared;
			sourceTree = "<group>";
		};
		AEAD614E025555F72F11AD41 = {
			isa = PBXGroup;
			children = (
				51F49427C2E704920BB39BC6 /* Resources */,
				85202E8ED7DA986209061A28 /* OpencodeWidgetApp */,
				94214F5C787134FD6EDF7651 /* OpencodeWidgetShared */,
				B9A3CDADEF5E9ADCC2470356 /* Products */,
			);
			sourceTree = "<group>";
		};
		B9A3CDADEF5E9ADCC2470356 /* Products */ = {
			isa = PBXGroup;
			children = (
				FB7182CD74F3EC0F509DD489 /* OpencodeWidgetApp.app */,
			);
			name = Products;
			sourceTree = "<group>";
		};
		EA10C51ECD21F5443096DAF2 /* Resources */ = {
			isa = PBXGroup;
			children = (
				FEE4CDF13934B58E22E66B9B /* .gitkeep */,
			);
			path = Resources;
			sourceTree = "<group>";
		};
/* End PBXGroup section */

/* Begin PBXNativeTarget section */
		3ED026BC7D22A303D1AD88DF /* OpencodeWidgetApp */ = {
			isa = PBXNativeTarget;
			buildConfigurationList = 67D7327A68A1CFC96EAAEC55 /* Build configuration list for PBXNativeTarget "OpencodeWidgetApp" */;
			buildPhases = (
				048DD8011485DF3775E3C58E /* Sources */,
				8E2C8850F218C134FE12A949 /* Resources */,
			);
			buildRules = (
			);
			dependencies = (
			);
			name = OpencodeWidgetApp;
			packageProductDependencies = (
			);
			productName = OpencodeWidgetApp;
			productReference = FB7182CD74F3EC0F509DD489 /* OpencodeWidgetApp.app */;
			productType = "com.apple.product-type.application";
		};
/* End PBXNativeTarget section */

/* Begin PBXProject section */
		BD42A02E119F9AAA4817ACDE /* Project object */ = {
			isa = PBXProject;
			attributes = {
				BuildIndependentTargetsInParallel = YES;
				LastUpgradeCheck = 1430;
				TargetAttributes = {
					3ED026BC7D22A303D1AD88DF = {
						ProvisioningStyle = Automatic;
					};
				};
			};
			buildConfigurationList = 0759D83D99A104E5E35B57C9 /* Build configuration list for PBXProject "OpencodeWidgetApp" */;
			developmentRegion = en;
			hasScannedForEncodings = 0;
			knownRegions = (
				Base,
				en,
			);
			mainGroup = AEAD614E025555F72F11AD41;
			minimizedProjectReferenceProxies = 1;
			preferredProjectObjectVersion = 77;
			productRefGroup = B9A3CDADEF5E9ADCC2470356 /* Products */;
			projectDirPath = "";
			projectRoot = "";
			targets = (
				3ED026BC7D22A303D1AD88DF /* OpencodeWidgetApp */,
			);
		};
/* End PBXProject section */

/* Begin PBXResourcesBuildPhase section */
		8E2C8850F218C134FE12A949 /* Resources */ = {
			isa = PBXResourcesBuildPhase;
			buildActionMask = 2147483647;
			files = (
				6DCAA42AF8C20B9FF53AC509 /* Resources in Resources */,
			);
			runOnlyForDeploymentPostprocessing = 0;
		};
/* End PBXResourcesBuildPhase section */

/* Begin PBXSourcesBuildPhase section */
		048DD8011485DF3775E3C58E /* Sources */ = {
			isa = PBXSourcesBuildPhase;
			buildActionMask = 2147483647;
			files = (
				80E136D28F9E4EA3EFBD33ED /* AuthReader.swift in Sources */,
				A2E6C5395DC0DD54250A35CC /* ContentView.swift in Sources */,
				F107D2E927D2FD958357A57B /* DataFetcher.swift in Sources */,
				D3C4003C82352CDD5F4E476D /* DataStore.swift in Sources */,
				75040126C34521ADF64424E2 /* Models.swift in Sources */,
				84351CF63C07C3F339734BE3 /* OpencodeWidgetApp.swift in Sources */,
				D085F11BBDF9428B6C1043E9 /* PreferencesView.swift in Sources */,
			);
			runOnlyForDeploymentPostprocessing = 0;
		};
/* End PBXSourcesBuildPhase section */

/* Begin XCBuildConfiguration section */
		2F1ADEFC52619954E58895E2 /* Debug */ = {
			isa = XCBuildConfiguration;
			buildSettings = {
				ALWAYS_SEARCH_USER_PATHS = NO;
				CLANG_ANALYZER_NONNULL = YES;
				CLANG_ANALYZER_NUMBER_OBJECT_CONVERSION = YES_AGGRESSIVE;
				CLANG_CXX_LANGUAGE_STANDARD = "gnu++14";
				CLANG_CXX_LIBRARY = "libc++";
				CLANG_ENABLE_MODULES = YES;
				CLANG_ENABLE_OBJC_ARC = YES;
				CLANG_ENABLE_OBJC_WEAK = YES;
				CLANG_WARN_BLOCK_CAPTURE_AUTORELEASING = YES;
				CLANG_WARN_BOOL_CONVERSION = YES;
				CLANG_WARN_COMMA = YES;
				CLANG_WARN_CONSTANT_CONVERSION = YES;
				CLANG_WARN_DEPRECATED_OBJC_IMPLEMENTATIONS = YES;
				CLANG_WARN_DIRECT_OBJC_ISA_USAGE = YES_ERROR;
				CLANG_WARN_DOCUMENTATION_COMMENTS = YES;
				CLANG_WARN_EMPTY_BODY = YES;
				CLANG_WARN_ENUM_CONVERSION = YES;
				CLANG_WARN_INFINITE_RECURSION = YES;
				CLANG_WARN_INT_CONVERSION = YES;
				CLANG_WARN_NON_LITERAL_NULL_CONVERSION = YES;
				CLANG_WARN_OBJC_IMPLICIT_RETAIN_SELF = YES;
				CLANG_WARN_OBJC_LITERAL_CONVERSION = YES;
				CLANG_WARN_OBJC_ROOT_CLASS = YES_ERROR;
				CLANG_WARN_QUOTED_INCLUDE_IN_FRAMEWORK_HEADER = YES;
				CLANG_WARN_RANGE_LOOP_ANALYSIS = YES;
				CLANG_WARN_STRICT_PROTOTYPES = YES;
				CLANG_WARN_SUSPICIOUS_MOVE = YES;
				CLANG_WARN_UNGUARDED_AVAILABILITY = YES_AGGRESSIVE;
				CLANG_WARN_UNREACHABLE_CODE = YES;
				CLANG_WARN__DUPLICATE_METHOD_MATCH = YES;
				COPY_PHASE_STRIP = NO;
				DEBUG_INFORMATION_FORMAT = dwarf;
				ENABLE_STRICT_OBJC_MSGSEND = YES;
				ENABLE_TESTABILITY = YES;
				GCC_C_LANGUAGE_STANDARD = gnu11;
				GCC_DYNAMIC_NO_PIC = NO;
				GCC_NO_COMMON_BLOCKS = YES;
				GCC_OPTIMIZATION_LEVEL = 0;
				GCC_PREPROCESSOR_DEFINITIONS = (
					"$(inherited)",
					"DEBUG=1",
				);
				GCC_WARN_64_TO_32_BIT_CONVERSION = YES;
				GCC_WARN_ABOUT_RETURN_TYPE = YES_ERROR;
				GCC_WARN_UNDECLARED_SELECTOR = YES;
				GCC_WARN_UNINITIALIZED_AUTOS = YES_AGGRESSIVE;
				GCC_WARN_UNUSED_FUNCTION = YES;
				GCC_WARN_UNUSED_VARIABLE = YES;
				MACOSX_DEPLOYMENT_TARGET = 14.0;
				MTL_ENABLE_DEBUG_INFO = INCLUDE_SOURCE;
				MTL_FAST_MATH = YES;
				ONLY_ACTIVE_ARCH = YES;
				PRODUCT_NAME = "$(TARGET_NAME)";
				SDKROOT = macosx;
				SWIFT_ACTIVE_COMPILATION_CONDITIONS = DEBUG;
				SWIFT_OPTIMIZATION_LEVEL = "-Onone";
				SWIFT_VERSION = 5.0;
			};
			name = Debug;
		};
		7DBED51D839D90D53D91182B /* Release */ = {
			isa = XCBuildConfiguration;
			buildSettings = {
				ALWAYS_SEARCH_USER_PATHS = NO;
				CLANG_ANALYZER_NONNULL = YES;
				CLANG_ANALYZER_NUMBER_OBJECT_CONVERSION = YES_AGGRESSIVE;
				CLANG_CXX_LANGUAGE_STANDARD = "gnu++14";
				CLANG_CXX_LIBRARY = "libc++";
				CLANG_ENABLE_MODULES = YES;
				CLANG_ENABLE_OBJC_ARC = YES;
				CLANG_ENABLE_OBJC_WEAK = YES;
				CLANG_WARN_BLOCK_CAPTURE_AUTORELEASING = YES;
				CLANG_WARN_BOOL_CONVERSION = YES;
				CLANG_WARN_COMMA = YES;
				CLANG_WARN_CONSTANT_CONVERSION = YES;
				CLANG_WARN_DEPRECATED_OBJC_IMPLEMENTATIONS = YES;
				CLANG_WARN_DIRECT_OBJC_ISA_USAGE = YES_ERROR;
				CLANG_WARN_DOCUMENTATION_COMMENTS = YES;
				CLANG_WARN_EMPTY_BODY = YES;
				CLANG_WARN_ENUM_CONVERSION = YES;
				CLANG_WARN_INFINITE_RECURSION = YES;
				CLANG_WARN_INT_CONVERSION = YES;
				CLANG_WARN_NON_LITERAL_NULL_CONVERSION = YES;
				CLANG_WARN_OBJC_IMPLICIT_RETAIN_SELF = YES;
				CLANG_WARN_OBJC_LITERAL_CONVERSION = YES;
				CLANG_WARN_OBJC_ROOT_CLASS = YES_ERROR;
				CLANG_WARN_QUOTED_INCLUDE_IN_FRAMEWORK_HEADER = YES;
				CLANG_WARN_RANGE_LOOP_ANALYSIS = YES;
				CLANG_WARN_STRICT_PROTOTYPES = YES;
				CLANG_WARN_SUSPICIOUS_MOVE = YES;
				CLANG_WARN_UNGUARDED_AVAILABILITY = YES_AGGRESSIVE;
				CLANG_WARN_UNREACHABLE_CODE = YES;
				CLANG_WARN__DUPLICATE_METHOD_MATCH = YES;
				COPY_PHASE_STRIP = NO;
				DEBUG_INFORMATION_FORMAT = "dwarf-with-dsym";
				ENABLE_NS_ASSERTIONS = NO;
				ENABLE_STRICT_OBJC_MSGSEND = YES;
				GCC_C_LANGUAGE_STANDARD = gnu11;
				GCC_NO_COMMON_BLOCKS = YES;
				GCC_WARN_64_TO_32_BIT_CONVERSION = YES;
				GCC_WARN_ABOUT_RETURN_TYPE = YES_ERROR;
				GCC_WARN_UNDECLARED_SELECTOR = YES;
				GCC_WARN_UNINITIALIZED_AUTOS = YES_AGGRESSIVE;
				GCC_WARN_UNUSED_FUNCTION = YES;
				GCC_WARN_UNUSED_VARIABLE = YES;
				MACOSX_DEPLOYMENT_TARGET = 14.0;
				MTL_ENABLE_DEBUG_INFO = NO;
				MTL_FAST_MATH = YES;
				PRODUCT_NAME = "$(TARGET_NAME)";
				SDKROOT = macosx;
				SWIFT_COMPILATION_MODE = wholemodule;
				SWIFT_OPTIMIZATION_LEVEL = "-O";
				SWIFT_VERSION = 5.0;
			};
			name = Release;
		};
		C278C7EB628E918F7100CDE8 /* Release */ = {
			isa = XCBuildConfiguration;
			buildSettings = {
				ASSETCATALOG_COMPILER_APPICON_NAME = AppIcon;
				CODE_SIGN_ENTITLEMENTS = OpencodeWidgetApp/Entitlements.plist;
				CODE_SIGN_STYLE = Automatic;
				COMBINE_HIDPI_IMAGES = YES;
				INFOPLIST_FILE = OpencodeWidgetApp/Info.plist;
				LD_RUNPATH_SEARCH_PATHS = (
					"$(inherited)",
					"@executable_path/../Frameworks",
				);
				PRODUCT_BUNDLE_IDENTIFIER = com.opencode.widget.app;
				SDKROOT = macosx;
			};
			name = Release;
		};
		EC06A7F46E272833A9A8F582 /* Debug */ = {
			isa = XCBuildConfiguration;
			buildSettings = {
				ASSETCATALOG_COMPILER_APPICON_NAME = AppIcon;
				CODE_SIGN_ENTITLEMENTS = OpencodeWidgetApp/Entitlements.plist;
				CODE_SIGN_STYLE = Automatic;
				COMBINE_HIDPI_IMAGES = YES;
				INFOPLIST_FILE = OpencodeWidgetApp/Info.plist;
				LD_RUNPATH_SEARCH_PATHS = (
					"$(inherited)",
					"@executable_path/../Frameworks",
				);
				PRODUCT_BUNDLE_IDENTIFIER = com.opencode.widget.app;
				SDKROOT = macosx;
			};
			name = Debug;
		};
/* End XCBuildConfiguration section */

/* Begin XCConfigurationList section */
		0759D83D99A104E5E35B57C9 /* Build configuration list for PBXProject "OpencodeWidgetApp" */ = {
			isa = XCConfigurationList;
			buildConfigurations = (
				2F1ADEFC52619954E58895E2 /* Debug */,
				7DBED51D839D90D53D91182B /* Release */,
			);
			defaultConfigurationIsVisible = 0;
			defaultConfigurationName = Debug;
		};
		67D7327A68A1CFC96EAAEC55 /* Build configuration list for PBXNativeTarget "OpencodeWidgetApp" */ = {
			isa = XCConfigurationList;
			buildConfigurations = (
				EC06A7F46E272833A9A8F582 /* Debug */,
				C278C7EB628E918F7100CDE8 /* Release */,
			);
			defaultConfigurationIsVisible = 0;
			defaultConfigurationName = Debug;
		};
/* End XCConfigurationList section */
	};
	rootObject = BD42A02E119F9AAA4817ACDE /* Project object */;
}
